lockfileVersion: '9.0'

settings:
  autoInstallPeers: true
  excludeLinksFromLockfile: false

importers:

  .:
    dependencies:
      '@prisma/client':
        specifier: ^6.6.0
        version: 6.10.1(prisma@6.10.1)
    devDependencies:
      prisma:
        specifier: ^6.6.0
        version: 6.10.1

packages:

  '@prisma/client@6.10.1':
    resolution: {integrity: sha512-Re4pMlcUsQsUTAYMK7EJ4Bw2kg3WfZAAlr8GjORJaK4VOP6LxRQUQ1TuLnxcF42XqGkWQ36q5CQF1yVadANQ6w==}
    engines: {node: '>=18.18'}
    peerDependencies:
      prisma: '*'
      typescript: '>=5.1.0'
    peerDependenciesMeta:
      prisma:
        optional: true
      typescript:
        optional: true

  '@prisma/config@6.10.1':
    resolution: {integrity: sha512-kz4/bnqrOrzWo8KzYguN0cden4CzLJJ+2VSpKtF8utHS3l1JS0Lhv6BLwpOX6X9yNreTbZQZwewb+/BMPDCIYQ==}

  '@prisma/debug@6.10.1':
    resolution: {integrity: sha512-k2YT53cWxv9OLjW4zSYTZ6Z7j0gPfCzcr2Mj99qsuvlxr8WAKSZ2NcSR0zLf/mP4oxnYG842IMj3utTgcd7CaA==}

  '@prisma/engines-version@6.10.1-1.9b628578b3b7cae625e8c927178f15a170e74a9c':
    resolution: {integrity: sha512-ZJFTsEqapiTYVzXya6TUKYDFnSWCNegfUiG5ik9fleQva5Sk3DNyyUi7X1+0ZxWFHwHDr6BZV5Vm+iwP+LlciA==}

  '@prisma/engines@6.10.1':
    resolution: {integrity: sha512-Q07P5rS2iPwk2IQr/rUQJ42tHjpPyFcbiH7PXZlV81Ryr9NYIgdxcUrwgVOWVm5T7ap02C0dNd1dpnNcSWig8A==}

  '@prisma/fetch-engine@6.10.1':
    resolution: {integrity: sha512-clmbG/Jgmrc/n6Y77QcBmAUlq9LrwI9Dbgy4pq5jeEARBpRCWJDJ7PWW1P8p0LfFU0i5fsyO7FqRzRB8mkdS4g==}

  '@prisma/get-platform@6.10.1':
    resolution: {integrity: sha512-4CY5ndKylcsce9Mv+VWp5obbR2/86SHOLVV053pwIkhVtT9C9A83yqiqI/5kJM9T1v1u1qco/bYjDKycmei9HA==}

  jiti@2.4.2:
    resolution: {integrity: sha512-rg9zJN+G4n2nfJl5MW3BMygZX56zKPNVEYYqq7adpmMh4Jn2QNEwhvQlFy6jPVdcod7txZtKHWnyZiA3a0zP7A==}
    hasBin: true

  prisma@6.10.1:
    resolution: {integrity: sha512-khhlC/G49E4+uyA3T3H5PRBut486HD2bDqE2+rvkU0pwk9IAqGFacLFUyIx9Uw+W2eCtf6XGwsp+/strUwMNPw==}
    engines: {node: '>=18.18'}
    hasBin: true
    peerDependencies:
      typescript: '>=5.1.0'
    peerDependenciesMeta:
      typescript:
        optional: true

snapshots:

  '@prisma/client@6.10.1(prisma@6.10.1)':
    optionalDependencies:
      prisma: 6.10.1

  '@prisma/config@6.10.1':
    dependencies:
      jiti: 2.4.2

  '@prisma/debug@6.10.1': {}

  '@prisma/engines-version@6.10.1-1.9b628578b3b7cae625e8c927178f15a170e74a9c': {}

  '@prisma/engines@6.10.1':
    dependencies:
      '@prisma/debug': 6.10.1
      '@prisma/engines-version': 6.10.1-1.9b628578b3b7cae625e8c927178f15a170e74a9c
      '@prisma/fetch-engine': 6.10.1
      '@prisma/get-platform': 6.10.1

  '@prisma/fetch-engine@6.10.1':
    dependencies:
      '@prisma/debug': 6.10.1
      '@prisma/engines-version': 6.10.1-1.9b628578b3b7cae625e8c927178f15a170e74a9c
      '@prisma/get-platform': 6.10.1

  '@prisma/get-platform@6.10.1':
    dependencies:
      '@prisma/debug': 6.10.1

  jiti@2.4.2: {}

  prisma@6.10.1:
    dependencies:
      '@prisma/config': 6.10.1
      '@prisma/engines': 6.10.1
